{
  "lockfile_version": "1",
  "packages": {
    "clang-tools@latest": {
      "last_modified": "2025-03-11T17:52:14Z",
      "resolved": "github:NixOS/nixpkgs/0d534853a55b5d02a4ababa1d71921ce8f0aee4c#clang-tools",
      "source": "devbox-search",
      "version": "19.1.7",
      "systems": {
        "aarch64-darwin": {
          "outputs": [
            {
              "name": "out",
              "path": "/nix/store/zwjkz00lwh20sbs6qapbcx4rllwq89jl-clang-tools-19.1.7",
              "default": true
            }
          ],
          "store_path": "/nix/store/zwjkz00lwh20sbs6qapbcx4rllwq89jl-clang-tools-19.1.7"
        },
        "aarch64-linux": {
          "outputs": [
            {
              "name": "out",
              "path": "/nix/store/f8rvkk9mvf10mdac5skw7fr81qijsrlj-clang-tools-19.1.7",
              "default": true
            }
          ],
          "store_path": "/nix/store/f8rvkk9mvf10mdac5skw7fr81qijsrlj-clang-tools-19.1.7"
        },
        "x86_64-darwin": {
          "outputs": [
            {
              "name": "out",
              "path": "/nix/store/0jsh8zkgcwgxz0yidyw978zbqahkh9pp-clang-tools-19.1.7",
              "default": true
            }
          ],
          "store_path": "/nix/store/0jsh8zkgcwgxz0yidyw978zbqahkh9pp-clang-tools-19.1.7"
        },
        "x86_64-linux": {
          "outputs": [
            {
              "name": "out",
              "path": "/nix/store/7x4jl492xdhwzqq5dhxm5alisqazmih0-clang-tools-19.1.7",
              "default": true
            }
          ],
          "store_path": "/nix/store/7x4jl492xdhwzqq5dhxm5alisqazmih0-clang-tools-19.1.7"
        }
      }
    },
    "clang@latest": {
      "last_modified": "2025-03-11T17:52:14Z",
      "resolved": "github:NixOS/nixpkgs/0d534853a55b5d02a4ababa1d71921ce8f0aee4c#clang",
      "source": "devbox-search",
      "version": "19.1.7",
      "systems": {
        "aarch64-darwin": {
          "outputs": [
            {
              "name": "out",
              "path": "/nix/store/x8j5wizxn1qwa0zj3a4rbmipigl614jv-clang-wrapper-19.1.7",
              "default": true
            }
          ],
          "store_path": "/nix/store/x8j5wizxn1qwa0zj3a4rbmipigl614jv-clang-wrapper-19.1.7"
        },
        "aarch64-linux": {
          "outputs": [
            {
              "name": "out",
              "path": "/nix/store/76ddzd3fjg9vxhv12mlq5i1c7jbxcjxp-clang-wrapper-19.1.7",
              "default": true
            }
          ],
          "store_path": "/nix/store/76ddzd3fjg9vxhv12mlq5i1c7jbxcjxp-clang-wrapper-19.1.7"
        },
        "x86_64-darwin": {
          "outputs": [
            {
              "name": "out",
              "path": "/nix/store/5c7vhjf0l6hl2j9sygngj6ybrkj6iv8n-clang-wrapper-19.1.7",
              "default": true
            }
          ],
          "store_path": "/nix/store/5c7vhjf0l6hl2j9sygngj6ybrkj6iv8n-clang-wrapper-19.1.7"
        },
        "x86_64-linux": {
          "outputs": [
            {
              "name": "out",
              "path": "/nix/store/rdrbyalncimqir1gjdjwfns370zwi0bf-clang-wrapper-19.1.7",
              "default": true
            }
          ],
          "store_path": "/nix/store/rdrbyalncimqir1gjdjwfns370zwi0bf-clang-wrapper-19.1.7"
        }
      }
    },
    "cmake@latest": {
      "last_modified": "2025-02-23T09:42:26Z",
      "resolved": "github:NixOS/nixpkgs/2d068ae5c6516b2d04562de50a58c682540de9bf#cmake",
      "source": "devbox-search",
      "version": "3.31.5",
      "systems": {
        "aarch64-darwin": {
          "outputs": [
            {
              "name": "out",
              "path": "/nix/store/q1vp1xfvx8wqr5hwdywf6hx19fxsi22s-cmake-3.31.5",
              "default": true
            }
          ],
          "store_path": "/nix/store/q1vp1xfvx8wqr5hwdywf6hx19fxsi22s-cmake-3.31.5"
        },
        "aarch64-linux": {
          "outputs": [
            {
              "name": "out",
              "path": "/nix/store/xn9sd8gm81ls18qkgj5qnmfsnqi1p7gm-cmake-3.31.5",
              "default": true
            },
            {
              "name": "debug",
              "path": "/nix/store/7raphg07gdclykxp2d388bf79rqzj8f0-cmake-3.31.5-debug"
            }
          ],
          "store_path": "/nix/store/xn9sd8gm81ls18qkgj5qnmfsnqi1p7gm-cmake-3.31.5"
        },
        "x86_64-darwin": {
          "outputs": [
            {
              "name": "out",
              "path": "/nix/store/09z9lbk25n46m7fb6snmsf2hipqw45pp-cmake-3.31.5",
              "default": true
            }
          ],
          "store_path": "/nix/store/09z9lbk25n46m7fb6snmsf2hipqw45pp-cmake-3.31.5"
        },
        "x86_64-linux": {
          "outputs": [
            {
              "name": "out",
              "path": "/nix/store/01dapiw4pjrc9s0166dcyg9xkw0rv01z-cmake-3.31.5",
              "default": true
            },
            {
              "name": "debug",
              "path": "/nix/store/p3n1s293rfxhgj1k12wf0ms15q3pbwx0-cmake-3.31.5-debug"
            }
          ],
          "store_path": "/nix/store/01dapiw4pjrc9s0166dcyg9xkw0rv01z-cmake-3.31.5"
        }
      }
    },
    "conan@latest": {
      "last_modified": "2025-03-11T17:52:14Z",
      "resolved": "github:NixOS/nixpkgs/0d534853a55b5d02a4ababa1d71921ce8f0aee4c#conan",
      "source": "devbox-search",
      "version": "2.9.1",
      "systems": {
        "aarch64-darwin": {
          "outputs": [
            {
              "name": "out",
              "path": "/nix/store/xwh7g2cndqbjwhv1ww6fhcwby7s0mahs-conan-2.9.1",
              "default": true
            },
            {
              "name": "dist",
              "path": "/nix/store/b7bk12bq4bys3qmqx1hbm1jj9n1y4wc8-conan-2.9.1-dist"
            }
          ],
          "store_path": "/nix/store/xwh7g2cndqbjwhv1ww6fhcwby7s0mahs-conan-2.9.1"
        },
        "aarch64-linux": {
          "outputs": [
            {
              "name": "out",
              "path": "/nix/store/2w21b6npxf1i0mf8rhq0z73v56qbbnsm-conan-2.9.1",
              "default": true
            },
            {
              "name": "dist",
              "path": "/nix/store/n3bpr2596hbcz7hnrcqxhwq9asqc5zhj-conan-2.9.1-dist"
            }
          ],
          "store_path": "/nix/store/2w21b6npxf1i0mf8rhq0z73v56qbbnsm-conan-2.9.1"
        },
        "x86_64-darwin": {
          "outputs": [
            {
              "name": "out",
              "path": "/nix/store/s0f9vr4wnkzvvm135x4h70ri473xaiph-conan-2.9.1",
              "default": true
            },
            {
              "name": "dist",
              "path": "/nix/store/z56yrc3p6c5wcgriz6vfl78f5rj43xrx-conan-2.9.1-dist"
            }
          ],
          "store_path": "/nix/store/s0f9vr4wnkzvvm135x4h70ri473xaiph-conan-2.9.1"
        },
        "x86_64-linux": {
          "outputs": [
            {
              "name": "out",
              "path": "/nix/store/23rhv5vv2wy3mm046y11xgyhzrxkmk9h-conan-2.9.1",
              "default": true
            },
            {
              "name": "dist",
              "path": "/nix/store/97yr786f1l54kbdw59casqll5vgm1irw-conan-2.9.1-dist"
            }
          ],
          "store_path": "/nix/store/23rhv5vv2wy3mm046y11xgyhzrxkmk9h-conan-2.9.1"
        }
      }
    },
    "gcc@latest": {
      "last_modified": "2025-03-16T23:54:35Z",
      "resolved": "github:NixOS/nixpkgs/5d9b5431f967007b3952c057fc92af49a4c5f3b2#gcc",
      "source": "devbox-search",
      "version": "14-20241116",
      "systems": {
        "aarch64-darwin": {
          "outputs": [
            {
              "name": "out",
              "path": "/nix/store/b3nkhhvaccg2bg3cz7msq9nhd5hz0a1m-gcc-wrapper-14-20241116",
              "default": true
            },
            {
              "name": "man",
              "path": "/nix/store/db5gfkj2dwzhhzmaxiy7xlmdlm1ggxf5-gcc-wrapper-14-20241116-man",
              "default": true
            },
            {
              "name": "info",
              "path": "/nix/store/l0dy1h1kp4plq77mkv5sgqlj27w4mf1d-gcc-wrapper-14-20241116-info"
            }
          ],
          "store_path": "/nix/store/b3nkhhvaccg2bg3cz7msq9nhd5hz0a1m-gcc-wrapper-14-20241116"
        },
        "aarch64-linux": {
          "outputs": [
            {
              "name": "out",
              "path": "/nix/store/8p08lgzbiqvj5fni1d9hxc6ma1z0mh2z-gcc-wrapper-14-20241116",
              "default": true
            },
            {
              "name": "man",
              "path": "/nix/store/yimc93hlkz72laxhmk09hkmx11ij1fvz-gcc-wrapper-14-20241116-man",
              "default": true
            },
            {
              "name": "info",
              "path": "/nix/store/gixjrrdvfhhf0z1z3zxbjc3zr3vvjyf5-gcc-wrapper-14-20241116-info"
            }
          ],
          "store_path": "/nix/store/8p08lgzbiqvj5fni1d9hxc6ma1z0mh2z-gcc-wrapper-14-20241116"
        },
        "x86_64-darwin": {
          "outputs": [
            {
              "name": "out",
              "path": "/nix/store/qvsx7fz33vqnydvpnmam8z8s0hd6g0k5-gcc-wrapper-14-20241116",
              "default": true
            },
            {
              "name": "man",
              "path": "/nix/store/ymjl0pmrwbyldzb20nzf5hldq4z9kdgs-gcc-wrapper-14-20241116-man",
              "default": true
            },
            {
              "name": "info",
              "path": "/nix/store/6zky9zsw7zb8gphfi23dl9xz7snqwzrr-gcc-wrapper-14-20241116-info"
            }
          ],
          "store_path": "/nix/store/qvsx7fz33vqnydvpnmam8z8s0hd6g0k5-gcc-wrapper-14-20241116"
        },
        "x86_64-linux": {
          "outputs": [
            {
              "name": "out",
              "path": "/nix/store/gj9lra51hwhxnhz05jqk5lh03wipamv0-gcc-wrapper-14-20241116",
              "default": true
            },
            {
              "name": "man",
              "path": "/nix/store/mh3g8vwnydf4i9wyar80j0lqczqbpq95-gcc-wrapper-14-20241116-man",
              "default": true
            },
            {
              "name": "info",
              "path": "/nix/store/hcifip97ydvf4nmga57fxfl9ra9pdwl6-gcc-wrapper-14-20241116-info"
            }
          ],
          "store_path": "/nix/store/gj9lra51hwhxnhz05jqk5lh03wipamv0-gcc-wrapper-14-20241116"
        }
      }
    },
    "github:NixOS/nixpkgs/nixpkgs-unstable": {
      "resolved": "github:NixOS/nixpkgs/94c4dbe77c0740ebba36c173672ca15a7926c993?lastModified=1742578646&narHash=sha256-GiQ40ndXRnmmbDZvuv762vS%2Bgew1uDpFwOfgJ8tLiEs%3D"
    },
    "glow@latest": {
      "last_modified": "2025-03-11T17:52:14Z",
      "resolved": "github:NixOS/nixpkgs/0d534853a55b5d02a4ababa1d71921ce8f0aee4c#glow",
      "source": "devbox-search",
      "version": "2.1.0",
      "systems": {
        "aarch64-darwin": {
          "outputs": [
            {
              "name": "out",
              "path": "/nix/store/k3ryhv0rs599lqvl93xihngiwmwr74f0-glow-2.1.0",
              "default": true
            }
          ],
          "store_path": "/nix/store/k3ryhv0rs599lqvl93xihngiwmwr74f0-glow-2.1.0"
        },
        "aarch64-linux": {
          "outputs": [
            {
              "name": "out",
              "path": "/nix/store/8yxpf50rhyj7a249dv55rhqrikdjiyl3-glow-2.1.0",
              "default": true
            }
          ],
          "store_path": "/nix/store/8yxpf50rhyj7a249dv55rhqrikdjiyl3-glow-2.1.0"
        },
        "x86_64-darwin": {
          "outputs": [
            {
              "name": "out",
              "path": "/nix/store/nalgg722nn9zafjy0vwmpxmjj4bwpjvs-glow-2.1.0",
              "default": true
            }
          ],
          "store_path": "/nix/store/nalgg722nn9zafjy0vwmpxmjj4bwpjvs-glow-2.1.0"
        },
        "x86_64-linux": {
          "outputs": [
            {
              "name": "out",
              "path": "/nix/store/bphb37axs64fcw2yzabqnzvmv529pnnc-glow-2.1.0",
              "default": true
            }
          ],
          "store_path": "/nix/store/bphb37axs64fcw2yzabqnzvmv529pnnc-glow-2.1.0"
        }
      }
    },
    "ninja@latest": {
      "last_modified": "2025-02-23T09:42:26Z",
      "resolved": "github:NixOS/nixpkgs/2d068ae5c6516b2d04562de50a58c682540de9bf#ninja",
      "source": "devbox-search",
      "version": "1.12.1",
      "systems": {
        "aarch64-darwin": {
          "outputs": [
            {
              "name": "out",
              "path": "/nix/store/qv38cfql6fjbhls5j73047hjqlvimwhj-ninja-1.12.1",
              "default": true
            }
          ],
          "store_path": "/nix/store/qv38cfql6fjbhls5j73047hjqlvimwhj-ninja-1.12.1"
        },
        "aarch64-linux": {
          "outputs": [
            {
              "name": "out",
              "path": "/nix/store/db4f8i8qnwwvgw98mflrilg8isfcz96d-ninja-1.12.1",
              "default": true
            }
          ],
          "store_path": "/nix/store/db4f8i8qnwwvgw98mflrilg8isfcz96d-ninja-1.12.1"
        },
        "x86_64-darwin": {
          "outputs": [
            {
              "name": "out",
              "path": "/nix/store/rhab4anjynfa9symsns5s5rkw76zpr2s-ninja-1.12.1",
              "default": true
            }
          ],
          "store_path": "/nix/store/rhab4anjynfa9symsns5s5rkw76zpr2s-ninja-1.12.1"
        },
        "x86_64-linux": {
          "outputs": [
            {
              "name": "out",
              "path": "/nix/store/24fw7j8585szpxvag9icwm692daa49s3-ninja-1.12.1",
              "default": true
            }
          ],
          "store_path": "/nix/store/24fw7j8585szpxvag9icwm692daa49s3-ninja-1.12.1"
        }
      }
    },
    "ripgrep@latest": {
      "last_modified": "2025-02-26T05:29:08Z",
      "resolved": "github:NixOS/nixpkgs/3a05eebede89661660945da1f151959900903b6a#ripgrep",
      "source": "devbox-search",
      "version": "14.1.1",
      "systems": {
        "aarch64-darwin": {
          "outputs": [
            {
              "name": "out",
              "path": "/nix/store/y470kg919bsrzl28b3g0qlf5grv04xyx-ripgrep-14.1.1",
              "default": true
            }
          ],
          "store_path": "/nix/store/y470kg919bsrzl28b3g0qlf5grv04xyx-ripgrep-14.1.1"
        },
        "aarch64-linux": {
          "outputs": [
            {
              "name": "out",
              "path": "/nix/store/w01qdshvhg0mhwfdlfb43w8qbi13x4rd-ripgrep-14.1.1",
              "default": true
            }
          ],
          "store_path": "/nix/store/w01qdshvhg0mhwfdlfb43w8qbi13x4rd-ripgrep-14.1.1"
        },
        "x86_64-darwin": {
          "outputs": [
            {
              "name": "out",
              "path": "/nix/store/94k9ri8g0ilaigd9fdz4qw900vas01kr-ripgrep-14.1.1",
              "default": true
            }
          ],
          "store_path": "/nix/store/94k9ri8g0ilaigd9fdz4qw900vas01kr-ripgrep-14.1.1"
        },
        "x86_64-linux": {
          "outputs": [
            {
              "name": "out",
              "path": "/nix/store/i407i79g1ch5pl1lq4s3l31jsr1g46ds-ripgrep-14.1.1",
              "default": true
            }
          ],
          "store_path": "/nix/store/i407i79g1ch5pl1lq4s3l31jsr1g46ds-ripgrep-14.1.1"
        }
      }
    },
    "ruff@latest": {
      "last_modified": "2025-03-16T16:17:41Z",
      "resolved": "github:NixOS/nixpkgs/8f76cf16b17c51ae0cc8e55488069593f6dab645#ruff",
      "source": "devbox-search",
      "version": "0.11.0",
      "systems": {
        "aarch64-darwin": {
          "outputs": [
            {
              "name": "out",
              "path": "/nix/store/j5p56fak3m9nman4fvi4fg7rqcfc9h06-ruff-0.11.0",
              "default": true
            }
          ],
          "store_path": "/nix/store/j5p56fak3m9nman4fvi4fg7rqcfc9h06-ruff-0.11.0"
        },
        "aarch64-linux": {
          "outputs": [
            {
              "name": "out",
              "path": "/nix/store/rwcfkna3qbqb6nh4dvxm7b14ddgl34ny-ruff-0.11.0",
              "default": true
            }
          ],
          "store_path": "/nix/store/rwcfkna3qbqb6nh4dvxm7b14ddgl34ny-ruff-0.11.0"
        },
        "x86_64-darwin": {
          "outputs": [
            {
              "name": "out",
              "path": "/nix/store/mm9j4gig9w1pv582l7khiajv2qjw2nxr-ruff-0.11.0",
              "default": true
            }
          ],
          "store_path": "/nix/store/mm9j4gig9w1pv582l7khiajv2qjw2nxr-ruff-0.11.0"
        },
        "x86_64-linux": {
          "outputs": [
            {
              "name": "out",
              "path": "/nix/store/q3l8a5nx4v4sniwhjrdqqbxkc9yww9wp-ruff-0.11.0",
              "default": true
            }
          ],
          "store_path": "/nix/store/q3l8a5nx4v4sniwhjrdqqbxkc9yww9wp-ruff-0.11.0"
        }
      }
    },
    "uv@latest": {
      "last_modified": "2025-03-13T11:38:39Z",
      "resolved": "github:NixOS/nixpkgs/573c650e8a14b2faa0041645ab18aed7e60f0c9a#uv",
      "source": "devbox-search",
      "version": "0.6.6",
      "systems": {
        "aarch64-darwin": {
          "outputs": [
            {
              "name": "out",
              "path": "/nix/store/lqnkdyvl5zll2fq5a5ph17mqznms78xy-uv-0.6.6",
              "default": true
            }
          ],
          "store_path": "/nix/store/lqnkdyvl5zll2fq5a5ph17mqznms78xy-uv-0.6.6"
        },
        "aarch64-linux": {
          "outputs": [
            {
              "name": "out",
              "path": "/nix/store/lspam7dhns0rh2q7gsyq40z8ly76gmcb-uv-0.6.6",
              "default": true
            }
          ],
          "store_path": "/nix/store/lspam7dhns0rh2q7gsyq40z8ly76gmcb-uv-0.6.6"
        },
        "x86_64-darwin": {
          "outputs": [
            {
              "name": "out",
              "path": "/nix/store/nf8isgl8kgny907z7461xbm76lwqn5lc-uv-0.6.6",
              "default": true
            }
          ],
          "store_path": "/nix/store/nf8isgl8kgny907z7461xbm76lwqn5lc-uv-0.6.6"
        },
        "x86_64-linux": {
          "outputs": [
            {
              "name": "out",
              "path": "/nix/store/w2r38hkwz7f9h0f3pdyzfb2ds7z9sygs-uv-0.6.6",
              "default": true
            }
          ],
          "store_path": "/nix/store/w2r38hkwz7f9h0f3pdyzfb2ds7z9sygs-uv-0.6.6"
        }
      }
    }
  }
}
